
Microsoft Visual Studio Solution File, Format Version 12.00
# Visual Studio 15
VisualStudioVersion = 15.0.28307.168
MinimumVisualStudioVersion = 10.0.40219.1
Project("{2150E333-8FDC-42A3-9474-1A3956D46DE8}") = "Etisalat", "Etisalat", "{80441390-5DB5-41DE-92A6-F0896877668F}"
EndProject
Project("{FAE04EC0-301F-11D3-BF4B-00C04F79EFBC}") = "File", "Etisalat\File\File.csproj", "{9013F94B-8409-4455-AC3A-A112A1E2A36C}"
EndProject
Project("{FAE04EC0-301F-11D3-BF4B-00C04F79EFBC}") = "Mail", "Etisalat\Mail\Mail.csproj", "{7A3933D3-A338-46B8-9273-79B7B2C47953}"
EndProject
Project("{FAE04EC0-301F-11D3-BF4B-00C04F79EFBC}") = "Workflow", "Etisalat\Workflow\Workflow.csproj", "{042D8C4E-6D4B-46B5-8035-1AA09318F578}"
EndProject
Project("{FAE04EC0-301F-11D3-BF4B-00C04F79EFBC}") = "Debug", "Etisalat\Debug\Debug.csproj", "{86896DEB-630C-4D73-80CE-3DE47027189D}"
EndProject
Project("{FAE04EC0-301F-11D3-BF4B-00C04F79EFBC}") = "DataTable", "DataTable\DataTable.csproj", "{CC53F674-0EA9-4F60-8E13-EA2341C807A3}"
EndProject
Project("{2150E333-8FDC-42A3-9474-1A3956D46DE8}") = "Test", "Test", "{58C8C699-C9B0-4D24-8F5E-A0B25C36557B}"
EndProject
Project("{FAE04EC0-301F-11D3-BF4B-00C04F79EFBC}") = "TestConsoleApp", "TestConsoleApp\TestConsoleApp.csproj", "{672F5E95-1622-4EA7-BFA4-F91C7CB273A9}"
EndProject
Project("{FAE04EC0-301F-11D3-BF4B-00C04F79EFBC}") = "SSHConnectionActivity", "Etisalat\SSH\SSHConnectionActivity\SSHConnectionActivity.csproj", "{B6D07154-CC5C-4F16-95A4-282249149656}"
EndProject
Project("{FAE04EC0-301F-11D3-BF4B-00C04F79EFBC}") = "DataTableToChartActivity", "DataTableToPieChart\DataTableToChartActivity.csproj", "{4D48C8E4-F70A-47E1-886E-5265D4FC30D8}"
EndProject
Project("{2150E333-8FDC-42A3-9474-1A3956D46DE8}") = "HashCode", "HashCode", "{20F4A60E-13C4-4861-A7A2-20FA1C5AE0BE}"
EndProject
Project("{FAE04EC0-301F-11D3-BF4B-00C04F79EFBC}") = "SecureStringConverter", "SecureStringConverter\SecureStringConverter.csproj", "{0F443200-E3F1-43F8-866D-3093F2EC55A3}"
EndProject
Project("{FAE04EC0-301F-11D3-BF4B-00C04F79EFBC}") = "MailMessageActivity", "MailMessageActivity\MailMessageActivity.csproj", "{6D2B37C4-C151-4699-9DAD-D78693104CDA}"
EndProject
Project("{FAE04EC0-301F-11D3-BF4B-00C04F79EFBC}") = "KillAllProcessActivity", "KillAllProcessActivity\KillAllProcessActivity.csproj", "{32892911-6DEE-44F1-849E-E872A448CFB0}"
EndProject
Project("{FAE04EC0-301F-11D3-BF4B-00C04F79EFBC}") = "SecureStringConverter", "Etisalat\SecureStringConverter\SecureStringConverter.csproj", "{325B409E-90EF-40DE-AB2F-62FA2EA65588}"
EndProject
Project("{FAE04EC0-301F-11D3-BF4B-00C04F79EFBC}") = "ServerHealthActivity", "ServerHealthActivity\ServerHealthActivity.csproj", "{C5AE66AD-9164-4E4D-B8D2-2DE3C5283AAC}"
EndProject
Project("{FAE04EC0-301F-11D3-BF4B-00C04F79EFBC}") = "QueueActivity", "QueueActivity\QueueActivity.csproj", "{F5291CCD-24A1-4443-BBDF-6171B63A011B}"
EndProject
Global
	GlobalSection(SolutionConfigurationPlatforms) = preSolution
		Debug|Any CPU = Debug|Any CPU
		Release|Any CPU = Release|Any CPU
	EndGlobalSection
	GlobalSection(ProjectConfigurationPlatforms) = postSolution
		{9013F94B-8409-4455-AC3A-A112A1E2A36C}.Debug|Any CPU.ActiveCfg = Debug|Any CPU
		{9013F94B-8409-4455-AC3A-A112A1E2A36C}.Debug|Any CPU.Build.0 = Debug|Any CPU
		{9013F94B-8409-4455-AC3A-A112A1E2A36C}.Release|Any CPU.ActiveCfg = Release|Any CPU
		{9013F94B-8409-4455-AC3A-A112A1E2A36C}.Release|Any CPU.Build.0 = Release|Any CPU
		{7A3933D3-A338-46B8-9273-79B7B2C47953}.Debug|Any CPU.ActiveCfg = Debug|Any CPU
		{7A3933D3-A338-46B8-9273-79B7B2C47953}.Debug|Any CPU.Build.0 = Debug|Any CPU
		{7A3933D3-A338-46B8-9273-79B7B2C47953}.Release|Any CPU.ActiveCfg = Release|Any CPU
		{7A3933D3-A338-46B8-9273-79B7B2C47953}.Release|Any CPU.Build.0 = Release|Any CPU
		{042D8C4E-6D4B-46B5-8035-1AA09318F578}.Debug|Any CPU.ActiveCfg = Debug|Any CPU
		{042D8C4E-6D4B-46B5-8035-1AA09318F578}.Debug|Any CPU.Build.0 = Debug|Any CPU
		{042D8C4E-6D4B-46B5-8035-1AA09318F578}.Release|Any CPU.ActiveCfg = Release|Any CPU
		{042D8C4E-6D4B-46B5-8035-1AA09318F578}.Release|Any CPU.Build.0 = Release|Any CPU
		{86896DEB-630C-4D73-80CE-3DE47027189D}.Debug|Any CPU.ActiveCfg = Debug|Any CPU
		{86896DEB-630C-4D73-80CE-3DE47027189D}.Debug|Any CPU.Build.0 = Debug|Any CPU
		{86896DEB-630C-4D73-80CE-3DE47027189D}.Release|Any CPU.ActiveCfg = Release|Any CPU
		{86896DEB-630C-4D73-80CE-3DE47027189D}.Release|Any CPU.Build.0 = Release|Any CPU
		{CC53F674-0EA9-4F60-8E13-EA2341C807A3}.Debug|Any CPU.ActiveCfg = Debug|Any CPU
		{CC53F674-0EA9-4F60-8E13-EA2341C807A3}.Debug|Any CPU.Build.0 = Debug|Any CPU
		{CC53F674-0EA9-4F60-8E13-EA2341C807A3}.Release|Any CPU.ActiveCfg = Release|Any CPU
		{CC53F674-0EA9-4F60-8E13-EA2341C807A3}.Release|Any CPU.Build.0 = Release|Any CPU
		{672F5E95-1622-4EA7-BFA4-F91C7CB273A9}.Debug|Any CPU.ActiveCfg = Debug|Any CPU
		{672F5E95-1622-4EA7-BFA4-F91C7CB273A9}.Debug|Any CPU.Build.0 = Debug|Any CPU
		{672F5E95-1622-4EA7-BFA4-F91C7CB273A9}.Release|Any CPU.ActiveCfg = Release|Any CPU
		{672F5E95-1622-4EA7-BFA4-F91C7CB273A9}.Release|Any CPU.Build.0 = Release|Any CPU
		{B6D07154-CC5C-4F16-95A4-282249149656}.Debug|Any CPU.ActiveCfg = Debug|Any CPU
		{B6D07154-CC5C-4F16-95A4-282249149656}.Debug|Any CPU.Build.0 = Debug|Any CPU
		{B6D07154-CC5C-4F16-95A4-282249149656}.Release|Any CPU.ActiveCfg = Release|Any CPU
		{B6D07154-CC5C-4F16-95A4-282249149656}.Release|Any CPU.Build.0 = Release|Any CPU
		{4D48C8E4-F70A-47E1-886E-5265D4FC30D8}.Debug|Any CPU.ActiveCfg = Debug|Any CPU
		{4D48C8E4-F70A-47E1-886E-5265D4FC30D8}.Debug|Any CPU.Build.0 = Debug|Any CPU
		{4D48C8E4-F70A-47E1-886E-5265D4FC30D8}.Release|Any CPU.ActiveCfg = Release|Any CPU
		{4D48C8E4-F70A-47E1-886E-5265D4FC30D8}.Release|Any CPU.Build.0 = Release|Any CPU
		{0F443200-E3F1-43F8-866D-3093F2EC55A3}.Debug|Any CPU.ActiveCfg = Debug|Any CPU
		{0F443200-E3F1-43F8-866D-3093F2EC55A3}.Debug|Any CPU.Build.0 = Debug|Any CPU
		{0F443200-E3F1-43F8-866D-3093F2EC55A3}.Release|Any CPU.ActiveCfg = Release|Any CPU
		{0F443200-E3F1-43F8-866D-3093F2EC55A3}.Release|Any CPU.Build.0 = Release|Any CPU
		{6D2B37C4-C151-4699-9DAD-D78693104CDA}.Debug|Any CPU.ActiveCfg = Debug|Any CPU
		{6D2B37C4-C151-4699-9DAD-D78693104CDA}.Debug|Any CPU.Build.0 = Debug|Any CPU
		{6D2B37C4-C151-4699-9DAD-D78693104CDA}.Release|Any CPU.ActiveCfg = Release|Any CPU
		{6D2B37C4-C151-4699-9DAD-D78693104CDA}.Release|Any CPU.Build.0 = Release|Any CPU
		{32892911-6DEE-44F1-849E-E872A448CFB0}.Debug|Any CPU.ActiveCfg = Debug|Any CPU
		{32892911-6DEE-44F1-849E-E872A448CFB0}.Debug|Any CPU.Build.0 = Debug|Any CPU
		{32892911-6DEE-44F1-849E-E872A448CFB0}.Release|Any CPU.ActiveCfg = Release|Any CPU
		{32892911-6DEE-44F1-849E-E872A448CFB0}.Release|Any CPU.Build.0 = Release|Any CPU
		{325B409E-90EF-40DE-AB2F-62FA2EA65588}.Debug|Any CPU.ActiveCfg = Debug|Any CPU
		{325B409E-90EF-40DE-AB2F-62FA2EA65588}.Debug|Any CPU.Build.0 = Debug|Any CPU
		{325B409E-90EF-40DE-AB2F-62FA2EA65588}.Release|Any CPU.ActiveCfg = Release|Any CPU
		{325B409E-90EF-40DE-AB2F-62FA2EA65588}.Release|Any CPU.Build.0 = Release|Any CPU
		{C5AE66AD-9164-4E4D-B8D2-2DE3C5283AAC}.Debug|Any CPU.ActiveCfg = Debug|Any CPU
		{C5AE66AD-9164-4E4D-B8D2-2DE3C5283AAC}.Debug|Any CPU.Build.0 = Debug|Any CPU
		{C5AE66AD-9164-4E4D-B8D2-2DE3C5283AAC}.Release|Any CPU.ActiveCfg = Release|Any CPU
		{C5AE66AD-9164-4E4D-B8D2-2DE3C5283AAC}.Release|Any CPU.Build.0 = Release|Any CPU
		{F5291CCD-24A1-4443-BBDF-6171B63A011B}.Debug|Any CPU.ActiveCfg = Debug|Any CPU
		{F5291CCD-24A1-4443-BBDF-6171B63A011B}.Debug|Any CPU.Build.0 = Debug|Any CPU
		{F5291CCD-24A1-4443-BBDF-6171B63A011B}.Release|Any CPU.ActiveCfg = Release|Any CPU
		{F5291CCD-24A1-4443-BBDF-6171B63A011B}.Release|Any CPU.Build.0 = Release|Any CPU
	EndGlobalSection
	GlobalSection(SolutionProperties) = preSolution
		HideSolutionNode = FALSE
	EndGlobalSection
	GlobalSection(NestedProjects) = preSolution
		{9013F94B-8409-4455-AC3A-A112A1E2A36C} = {80441390-5DB5-41DE-92A6-F0896877668F}
		{7A3933D3-A338-46B8-9273-79B7B2C47953} = {80441390-5DB5-41DE-92A6-F0896877668F}
		{042D8C4E-6D4B-46B5-8035-1AA09318F578} = {80441390-5DB5-41DE-92A6-F0896877668F}
		{86896DEB-630C-4D73-80CE-3DE47027189D} = {80441390-5DB5-41DE-92A6-F0896877668F}
		{CC53F674-0EA9-4F60-8E13-EA2341C807A3} = {80441390-5DB5-41DE-92A6-F0896877668F}
		{672F5E95-1622-4EA7-BFA4-F91C7CB273A9} = {58C8C699-C9B0-4D24-8F5E-A0B25C36557B}
		{B6D07154-CC5C-4F16-95A4-282249149656} = {80441390-5DB5-41DE-92A6-F0896877668F}
		{4D48C8E4-F70A-47E1-886E-5265D4FC30D8} = {80441390-5DB5-41DE-92A6-F0896877668F}
		{0F443200-E3F1-43F8-866D-3093F2EC55A3} = {20F4A60E-13C4-4861-A7A2-20FA1C5AE0BE}
		{6D2B37C4-C151-4699-9DAD-D78693104CDA} = {20F4A60E-13C4-4861-A7A2-20FA1C5AE0BE}
		{32892911-6DEE-44F1-849E-E872A448CFB0} = {80441390-5DB5-41DE-92A6-F0896877668F}
		{325B409E-90EF-40DE-AB2F-62FA2EA65588} = {80441390-5DB5-41DE-92A6-F0896877668F}
		{C5AE66AD-9164-4E4D-B8D2-2DE3C5283AAC} = {80441390-5DB5-41DE-92A6-F0896877668F}
		{F5291CCD-24A1-4443-BBDF-6171B63A011B} = {80441390-5DB5-41DE-92A6-F0896877668F}
	EndGlobalSection
	GlobalSection(ExtensibilityGlobals) = postSolution
		SolutionGuid = {20302EBC-32B6-4E3F-83D4-59950155EB61}
	EndGlobalSection
EndGlobal
